{
  "name": "dashboard",
  "version": "0.1.0",
  "lockfileVersion": 2,
  "requires": true,
  "packages": {
    "": {
      "name": "dashboard",
      "version": "0.1.0",
      "dependencies": {
        "@testing-library/jest-dom": "^5.16.1",
        "@testing-library/react": "^12.1.2",
        "@testing-library/user-event": "^13.5.0",
        "react": "^17.0.2",
        "react-dom": "^17.0.2",
        "react-scripts": "5.0.0",
        "web-vitals": "^2.1.2"
      },
      "devDependencies": {
        "@wojtekmaj/enzyme-adapter-react-17": "^0.6.6",
        "enzyme": "^3.11.0",
        "enzyme-to-json": "^3.6.2"
      }
    },
    "node_modules/@babel/code-frame": {
      "version": "7.16.0",
      "resolved": "https://registry.npmjs.org/@babel/code-frame/-/code-frame-7.16.0.tgz",
      "integrity": "sha512-IF4EOMEV+bfYwOmNxGzSnjR2EmQod7f1UXOpZM3l4i4o4QNwzjtJAu/HxdjHq0aYBvdqMuQEY1eg0nqW9ZPORA==",
      "dependencies": {
        "@babel/highlight": "^7.16.0"
      },
      "engines": {
        "node": ">=6.9.0"
      }
    },
    "node_modules/@babel/compat-data": {
      "version": "7.16.4",
      "resolved": "https://registry.npmjs.org/@babel/compat-data/-/compat-data-7.16.4.tgz",
      "integrity": "sha512-1o/jo7D+kC9ZjHX5v+EHrdjl3PhxMrLSOTGsOdHJ+KL8HCaEK6ehrVL2RS6oHDZp+L7xLirLrPmQtEng769J/Q==",
      "engines": {
        "node": ">=6.9.0"
      }
    },
    "node_modules/@babel/core": {
      "version": "7.16.5",
      "resolved": "https://registry.npmjs.org/@babel/core/-/core-7.16.5.tgz",
      "integrity": "sha512-wUcenlLzuWMZ9Zt8S0KmFwGlH6QKRh3vsm/dhDA3CHkiTA45YuG1XkHRcNRl73EFPXDp/d5kVOU0/y7x2w6OaQ==",
      "dependencies": {
        "@babel/code-frame": "^7.16.0",
        "@babel/generator": "^7.16.5",
        "@babel/helper-compilation-targets": "^7.16.3",
        "@babel/helper-module-transforms": "^7.16.5",
        "@babel/helpers": "^7.16.5",
        "@babel/parser": "^7.16.5",
        "@babel/template": "^7.16.0",
        "@babel/traverse": "^7.16.5",
        "@babel/types": "^7.16.0",
        "convert-source-map": "^1.7.0",
        "debug": "^4.1.0",
        "gensync": "^1.0.0-beta.2",
        "json5": "^2.1.2",
        "semver": "^6.3.0",
        "source-map": "^0.5.0"
      },
      "engines": {
        "node": ">=6.9.0"
      },
      "funding": {
        "type": "opencollective",
        "url": "https://opencollective.com/babel"
      }
    },
    "node_modules/@babel/core/node_modules/semver": {
      "version": "6.3.0",
      "resolved": "https://registry.npmjs.org/semver/-/semver-6.3.0.tgz",
      "integrity": "sha512-b39TBaTSfV6yBrapU89p5fKekE2m/NwnDocOVruQFS1/veMgdzuPcnOM34M6CwxW8jH/lxEa5rBoDeUwu5HHTw==",
      "bin": {
        "semver": "bin/semver.js"
      }
    },
    "node_modules/@babel/eslint-parser": {
      "version": "7.16.5",
      "resolved": "https://registry.npmjs.org/@babel/eslint-parser/-/eslint-parser-7.16.5.tgz",
      "integrity": "sha512-mUqYa46lgWqHKQ33Q6LNCGp/wPR3eqOYTUixHFsfrSQqRxH0+WOzca75iEjFr5RDGH1dDz622LaHhLOzOuQRUA==",
      "dependencies": {
        "eslint-scope": "^5.1.1",
        "eslint-visitor-keys": "^2.1.0",
        "semver": "^6.3.0"
      },
      "engines": {
        "node": "^10.13.0 || ^12.13.0 || >=14.0.0"
      },
      "peerDependencies": {
        "@babel/core": ">=7.11.0",
        "eslint": "^7.5.0 || ^8.0.0"
      }
    },
    "node_modules/@babel/eslint-parser/node_modules/eslint-scope": {
      "version": "5.1.1",
      "resolved": "https://registry.npmjs.org/eslint-scope/-/eslint-scope-5.1.1.tgz",
      "integrity": "sha512-2NxwbF/hZ0KpepYN0cNbo+FN6XoK7GaHlQhgx/hIZl6Va0bF45RQOOwhLIy8lQDbuCiadSLCBnH2CFYquit5bw==",
      "dependencies": {
        "esrecurse": "^4.3.0",
        "estraverse": "^4.1.1"
      },
      "engines": {
        "node": ">=8.0.0"
      }
    },
    "node_modules/@babel/eslint-parser/node_modules/eslint-visitor-keys": {
      "version": "2.1.0",
      "resolved": "https://registry.npmjs.org/eslint-visitor-keys/-/eslint-visitor-keys-2.1.0.tgz",
      "integrity": "sha512-0rSmRBzXgDzIsD6mGdJgevzgezI534Cer5L/vyMX0kHzT/jiB43jRhd9YUlMGYLQy2zprNmoT8qasCGtY+QaKw==",
      "engines": {
        "node": ">=10"
      }
    },
    "node_modules/@babel/eslint-parser/node_modules/estraverse": {
      "version": "4.3.0",
      "resolved": "https://registry.npmjs.org/estraverse/-/estraverse-4.3.0.tgz",
      "integrity": "sha512-39nnKffWz8xN1BU/2c79n9nB9HDzo0niYUqx6xyqUnyoAnQyyWpOTdZEeiCch8BBu515t4wp9ZmgVfVhn9EBpw==",
      "engines": {
        "node": ">=4.0"
      }
    },
    "node_modules/@babel/eslint-parser/node_modules/semver": {
      "version": "6.3.0",
      "resolved": "https://registry.npmjs.org/semver/-/semver-6.3.0.tgz",
      "integrity": "sha512-b39TBaTSfV6yBrapU89p5fKekE2m/NwnDocOVruQFS1/veMgdzuPcnOM34M6CwxW8jH/lxEa5rBoDeUwu5HHTw==",
      "bin": {
        "semver": "bin/semver.js"
      }
    },
    "node_modules/@babel/generator": {
      "version": "7.16.5",
      "resolved": "https://registry.npmjs.org/@babel/generator/-/generator-7.16.5.tgz",
      "integrity": "sha512-kIvCdjZqcdKqoDbVVdt5R99icaRtrtYhYK/xux5qiWCBmfdvEYMFZ68QCrpE5cbFM1JsuArUNs1ZkuKtTtUcZA==",
      "dependencies": {
        "@babel/types": "^7.16.0",
        "jsesc": "^2.5.1",
        "source-map": "^0.5.0"
      },
      "engines": {
        "node": ">=6.9.0"
      }
    },
    "node_modules/@babel/helper-annotate-as-pure": {
      "version": "7.16.0",
      "resolved": "https://registry.npmjs.org/@babel/helper-annotate-as-pure/-/helper-annotate-as-pure-7.16.0.tgz",
      "integrity": "sha512-ItmYF9vR4zA8cByDocY05o0LGUkp1zhbTQOH1NFyl5xXEqlTJQCEJjieriw+aFpxo16swMxUnUiKS7a/r4vtHg==",
      "dependencies": {
        "@babel/types": "^7.16.0"
      },
      "engines": {
        "node": ">=6.9.0"
      }
    },
    "node_modules/@babel/helper-builder-binary-assignment-operator-visitor": {
      "version": "7.16.5",
      "resolved": "https://registry.npmjs.org/@babel/helper-builder-binary-assignment-operator-visitor/-/helper-builder-binary-assignment-operator-visitor-7.16.5.tgz",
      "integrity": "sha512-3JEA9G5dmmnIWdzaT9d0NmFRgYnWUThLsDaL7982H0XqqWr56lRrsmwheXFMjR+TMl7QMBb6mzy9kvgr1lRLUA==",
      "dependencies": {
        "@babel/helper-explode-assignable-expression": "^7.16.0",
        "@babel/types": "^7.16.0"
      },
      "engines": {
        "node": ">=6.9.0"
      }
    },
    "node_modules/@babel/helper-compilation-targets": {
      "version": "7.16.3",
      "resolved": "https://registry.npmjs.org/@babel/helper-compilation-targets/-/helper-compilation-targets-7.16.3.tgz",
      "integrity": "sha512-vKsoSQAyBmxS35JUOOt+07cLc6Nk/2ljLIHwmq2/NM6hdioUaqEXq/S+nXvbvXbZkNDlWOymPanJGOc4CBjSJA==",
      "dependencies": {
        "@babel/compat-data": "^7.16.0",
        "@babel/helper-validator-option": "^7.14.5",
        "browserslist": "^4.17.5",
        "semver": "^6.3.0"
      },
      "engines": {
        "node": ">=6.9.0"
      },
      "peerDependencies": {
        "@babel/core": "^7.0.0"
      }
    },
    "node_modules/@babel/helper-compilation-targets/node_modules/semver": {
      "version": "6.3.0",
      "resolved": "https://registry.npmjs.org/semver/-/semver-6.3.0.tgz",
      "integrity": "sha512-b39TBaTSfV6yBrapU89p5fKekE2m/NwnDocOVruQFS1/veMgdzuPcnOM34M6CwxW8jH/lxEa5rBoDeUwu5HHTw==",
      "bin": {
        "semver": "bin/semver.js"
      }
    },
    "node_modules/@babel/helper-create-class-features-plugin": {
      "version": "7.16.5",
      "resolved": "https://registry.npmjs.org/@babel/helper-create-class-features-plugin/-/helper-create-class-features-plugin-7.16.5.tgz",
      "integrity": "sha512-NEohnYA7mkB8L5JhU7BLwcBdU3j83IziR9aseMueWGeAjblbul3zzb8UvJ3a1zuBiqCMObzCJHFqKIQE6hTVmg==",
      "dependencies": {
        "@babel/helper-annotate-as-pure": "^7.16.0",
        "@babel/helper-environment-visitor": "^7.16.5",
        "@babel/helper-function-name": "^7.16.0",
        "@babel/helper-member-expression-to-functions": "^7.16.5",
        "@babel/helper-optimise-call-expression": "^7.16.0",
        "@babel/helper-replace-supers": "^7.16.5",
        "@babel/helper-split-export-declaration": "^7.16.0"
      },
      "engines": {
        "node": ">=6.9.0"
      },
      "peerDependencies": {
        "@babel/core": "^7.0.0"
      }
    },
    "node_modules/@babel/helper-create-regexp-features-plugin": {
      "version": "7.16.0",
      "resolved": "https://registry.npmjs.org/@babel/helper-create-regexp-features-plugin/-/helper-create-regexp-features-plugin-7.16.0.tgz",
      "integrity": "sha512-3DyG0zAFAZKcOp7aVr33ddwkxJ0Z0Jr5V99y3I690eYLpukJsJvAbzTy1ewoCqsML8SbIrjH14Jc/nSQ4TvNPA==",
      "dependencies": {
        "@babel/helper-annotate-as-pure": "^7.16.0",
        "regexpu-core": "^4.7.1"
      },should be continued...
